{
  "object": {
    "pins": [
      {
        "package": "Money",
        "repositoryURL": "https://github.com/Flight-School/Money.git",
        "state": {
          "branch": null,
          "revision": "ed42a0a42039541ff09245d8f280d68e5adfe531",
          "version": "1.0.1"
        }
      }
    ]
  },
  "version": 1
}
