{
  "object": {
    "pins": [
      {
        "package": "Money",
        "repositoryURL": "https://github.com/Flight-School/Money.git",
        "state": {
          "branch": null,
          "revision": "1246c46eaf1e5292f6e5e36c802744011fa15883",
          "version": "1.0.0"
        }
      }
    ]
  },
  "version": 1
}
